
Microsoft Visual Studio Solution File, Format Version 12.00
# Visual Studio Version 17
VisualStudioVersion = 17.10.35004.147
MinimumVisualStudioVersion = 10.0.40219.1
Project("{FAE04EC0-301F-11D3-BF4B-00C04F79EFBC}") = "BoyneMod", "BoyneMod\BoyneMod.csproj", "{BB87ABAC-A7A5-447B-A305-FD55427FD4FD}"
EndProject
Global
	GlobalSection(SolutionConfigurationPlatforms) = preSolution
		Debug|Any CPU = Debug|Any CPU
		Release|Any CPU = Release|Any CPU
	EndGlobalSection
	GlobalSection(ProjectConfigurationPlatforms) = postSolution
		{BB87ABAC-A7A5-447B-A305-FD55427FD4FD}.Debug|Any CPU.ActiveCfg = Debug|Any CPU
		{BB87ABAC-A7A5-447B-A305-FD55427FD4FD}.Debug|Any CPU.Build.0 = Debug|Any CPU
		{BB87ABAC-A7A5-447B-A305-FD55427FD4FD}.Release|Any CPU.ActiveCfg = Release|Any CPU
		{BB87ABAC-A7A5-447B-A305-FD55427FD4FD}.Release|Any CPU.Build.0 = Release|Any CPU
	EndGlobalSection
	GlobalSection(SolutionProperties) = preSolution
		HideSolutionNode = FALSE
	EndGlobalSection
	GlobalSection(ExtensibilityGlobals) = postSolution
		SolutionGuid = {DE1BE79D-465B-4E4D-BC77-046D78A74681}
	EndGlobalSection
EndGlobal
